
Microsoft Visual Studio Solution File, Format Version 12.00
# Visual Studio Version 17
VisualStudioVersion = 17.4.33122.133
MinimumVisualStudioVersion = 10.0.40219.1
Project("{FAE04EC0-301F-11D3-BF4B-00C04F79EFBC}") = "ConsumeAlgebraArtifact", "ConsumeAlgebraArtifact\ConsumeAlgebraArtifact.csproj", "{1D628F74-8617-4C7D-89BA-905091EE18A0}"
EndProject
Global
	GlobalSection(SolutionConfigurationPlatforms) = preSolution
		Debug|Any CPU = Debug|Any CPU
		Release|Any CPU = Release|Any CPU
	EndGlobalSection
	GlobalSection(ProjectConfigurationPlatforms) = postSolution
		{1D628F74-8617-4C7D-89BA-905091EE18A0}.Debug|Any CPU.ActiveCfg = Debug|Any CPU
		{1D628F74-8617-4C7D-89BA-905091EE18A0}.Debug|Any CPU.Build.0 = Debug|Any CPU
		{1D628F74-8617-4C7D-89BA-905091EE18A0}.Release|Any CPU.ActiveCfg = Release|Any CPU
		{1D628F74-8617-4C7D-89BA-905091EE18A0}.Release|Any CPU.Build.0 = Release|Any CPU
	EndGlobalSection
	GlobalSection(SolutionProperties) = preSolution
		HideSolutionNode = FALSE
	EndGlobalSection
	GlobalSection(ExtensibilityGlobals) = postSolution
		SolutionGuid = {8844AEC8-860E-448B-B970-208AE66C938D}
	EndGlobalSection
EndGlobal
